
Microsoft Visual Studio Solution File, Format Version 12.00
# Visual Studio Version 17
VisualStudioVersion = 17.5.002.0
MinimumVisualStudioVersion = 10.0.40219.1
Project("{9A19103F-16F7-4668-BE54-9A1E7A4F7556}") = "Chefs", "Chefs.csproj", "{D23EDD6F-CD0C-4B29-B421-117C43C008E7}"
EndProject
Global
	GlobalSection(SolutionConfigurationPlatforms) = preSolution
		Debug|Any CPU = Debug|Any CPU
		Release|Any CPU = Release|Any CPU
	EndGlobalSection
	GlobalSection(ProjectConfigurationPlatforms) = postSolution
		{D23EDD6F-CD0C-4B29-B421-117C43C008E7}.Debug|Any CPU.ActiveCfg = Debug|Any CPU
		{D23EDD6F-CD0C-4B29-B421-117C43C008E7}.Debug|Any CPU.Build.0 = Debug|Any CPU
		{D23EDD6F-CD0C-4B29-B421-117C43C008E7}.Release|Any CPU.ActiveCfg = Release|Any CPU
		{D23EDD6F-CD0C-4B29-B421-117C43C008E7}.Release|Any CPU.Build.0 = Release|Any CPU
	EndGlobalSection
	GlobalSection(SolutionProperties) = preSolution
		HideSolutionNode = FALSE
	EndGlobalSection
	GlobalSection(ExtensibilityGlobals) = postSolution
		SolutionGuid = {160CFF77-F7CF-4088-B93F-1F712EA3A9F8}
	EndGlobalSection
EndGlobal
